# This file is automatically @generated by Cargo.
# It is not intended for manual editing.
version = 3

[[package]]
name = "autocfg"
version = "1.0.1"
source = "registry+https://github.com/rust-lang/crates.io-index"
checksum = "cdb031dd78e28731d87d56cc8ffef4a8f36ca26c38fe2de700543e627f8a464a"

[[package]]
name = "block-buffer"
version = "0.9.0"
source = "registry+https://github.com/rust-lang/crates.io-index"
checksum = "4152116fd6e9dadb291ae18fc1ec3575ed6d84c29642d97890f4b4a3417297e4"
dependencies = [
 "generic-array",
]

[[package]]
name = "byteorder"
version = "1.4.3"
source = "registry+https://github.com/rust-lang/crates.io-index"
checksum = "14c189c53d098945499cdfa7ecc63567cf3886b3332b312a5b4585d8d3a6a610"

[[package]]
name = "cc"
version = "1.0.72"
source = "registry+https://github.com/rust-lang/crates.io-index"
checksum = "22a9137b95ea06864e018375b72adfb7db6e6f68cfc8df5a04d00288050485ee"

[[package]]
name = "cfg-if"
version = "1.0.0"
source = "registry+https://github.com/rust-lang/crates.io-index"
checksum = "baf1de4339761588bc0619e3cbc0120ee582ebb74b53b4efbf79117bd2da40fd"

[[package]]
name = "clear_on_drop"
version = "0.2.4"
source = "registry+https://github.com/rust-lang/crates.io-index"
checksum = "c9cc5db465b294c3fa986d5bbb0f3017cd850bff6dd6c52f9ccff8b4d21b7b08"
dependencies = [
 "cc",
]

[[package]]
name = "cpufeatures"
version = "0.2.1"
source = "registry+https://github.com/rust-lang/crates.io-index"
checksum = "95059428f66df56b63431fdb4e1947ed2190586af5c5a8a8b71122bdf5a7f469"
dependencies = [
 "libc",
]

[[package]]
name = "curve25519-dalek-fiat"
version = "0.1.0"
source = "registry+https://github.com/rust-lang/crates.io-index"
checksum = "44339b9ecede7f72a0d3b012bf9bb5a616dc8bfde23ce544e42da075c87198f0"
dependencies = [
 "byteorder",
 "digest",
 "rand_core",
 "subtle",
 "zeroize",
]

[[package]]
name = "derivative"
version = "2.2.0"
source = "registry+https://github.com/rust-lang/crates.io-index"
checksum = "fcc3dd5e9e9c0b295d6e1e4d811fb6f157d5ffd784b8d202fc62eac8035a770b"
dependencies = [
 "proc-macro2",
 "quote",
 "syn",
]

[[package]]
name = "digest"
version = "0.9.0"
source = "registry+https://github.com/rust-lang/crates.io-index"
checksum = "d3dd60d1080a57a05ab032377049e0591415d2b31afd7028356dbf3cc6dcb066"
dependencies = [
 "generic-array",
]

[[package]]
name = "ed25519"
version = "1.3.0"
source = "registry+https://github.com/rust-lang/crates.io-index"
checksum = "74e1069e39f1454367eb2de793ed062fac4c35c2934b76a81d90dd9abcd28816"
dependencies = [
 "signature",
]

[[package]]
name = "ed25519-dalek-fiat"
version = "0.1.0"
source = "registry+https://github.com/rust-lang/crates.io-index"
checksum = "97c6ac152eba578c1c53d2cefe8ad02e239e3d6f971b0f1ef3cb54cd66037fa0"
dependencies = [
 "curve25519-dalek-fiat",
 "ed25519",
 "rand",
 "serde",
 "sha2",
 "zeroize",
]

[[package]]
name = "generic-array"
version = "0.14.4"
source = "registry+https://github.com/rust-lang/crates.io-index"
checksum = "501466ecc8a30d1d3b7fc9229b122b2ce8ed6e9d9223f1138d4babb253e51817"
dependencies = [
 "typenum",
 "version_check",
]

[[package]]
name = "getrandom"
version = "0.2.3"
source = "registry+https://github.com/rust-lang/crates.io-index"
checksum = "7fcd999463524c52659517fe2cea98493cfe485d10565e7b0fb07dbba7ad2753"
dependencies = [
 "cfg-if",
 "libc",
 "wasi",
]

[[package]]
name = "gridiron"
version = "0.10.0"
source = "registry+https://github.com/rust-lang/crates.io-index"
checksum = "f58301e8d05945ac7d5c28fa2454518a472c3efe856cc68f01828d7ff8a71b00"
dependencies = [
 "num-traits",
]

[[package]]
name = "hex"
version = "0.4.3"
source = "registry+https://github.com/rust-lang/crates.io-index"
checksum = "7f24254aa9a54b5c858eaee2f5bccdb46aaf0e486a595ed5fd8f86ba55232a70"

[[package]]
name = "lazy_static"
version = "1.4.0"
source = "registry+https://github.com/rust-lang/crates.io-index"
checksum = "e2abad23fbc42b3700f2f279844dc832adb2b2eb069b2df918f455c4e18cc646"

[[package]]
name = "libc"
version = "0.2.108"
source = "registry+https://github.com/rust-lang/crates.io-index"
checksum = "8521a1b57e76b1ec69af7599e75e38e7b7fad6610f037db8c79b127201b5d119"

[[package]]
name = "libloading"
version = "0.6.7"
source = "registry+https://github.com/rust-lang/crates.io-index"
checksum = "351a32417a12d5f7e82c368a66781e307834dae04c6ce0cd4456d52989229883"
dependencies = [
 "cfg-if",
 "winapi",
]

[[package]]
name = "log"
version = "0.4.14"
source = "registry+https://github.com/rust-lang/crates.io-index"
checksum = "51b9bbe6c47d51fc3e1a9b945965946b4c44142ab8792c50835a980d362c2710"
dependencies = [
 "cfg-if",
]

[[package]]
name = "neon"
version = "0.10.1"
source = "registry+https://github.com/rust-lang/crates.io-index"
checksum = "28e15415261d880aed48122e917a45e87bb82cf0260bb6db48bbab44b7464373"
dependencies = [
 "neon-build",
 "neon-macros",
 "neon-runtime",
 "semver",
 "smallvec",
]

[[package]]
name = "neon-build"
version = "0.10.1"
source = "registry+https://github.com/rust-lang/crates.io-index"
checksum = "8bac98a702e71804af3dacfde41edde4a16076a7bbe889ae61e56e18c5b1c811"

[[package]]
name = "neon-macros"
version = "0.10.1"
source = "registry+https://github.com/rust-lang/crates.io-index"
checksum = "b7288eac8b54af7913c60e0eb0e2a7683020dffa342ab3fd15e28f035ba897cf"
dependencies = [
 "quote",
 "syn",
 "syn-mid",
]

[[package]]
name = "neon-runtime"
version = "0.10.1"
source = "registry+https://github.com/rust-lang/crates.io-index"
checksum = "4676720fa8bb32c64c3d9f49c47a47289239ec46b4bdb66d0913cc512cb0daca"
dependencies = [
 "cfg-if",
 "libloading",
 "smallvec",
]

[[package]]
name = "num-traits"
version = "0.2.14"
source = "registry+https://github.com/rust-lang/crates.io-index"
checksum = "9a64b1ec5cda2586e284722486d802acf1f7dbdc623e2bfc57e65ca1cd099290"
dependencies = [
 "autocfg",
]

[[package]]
name = "opaque-debug"
version = "0.3.0"
source = "registry+https://github.com/rust-lang/crates.io-index"
checksum = "624a8340c38c1b80fd549087862da4ba43e08858af025b236e509b6649fc13d5"

[[package]]
name = "ppv-lite86"
version = "0.2.15"
source = "registry+https://github.com/rust-lang/crates.io-index"
checksum = "ed0cfbc8191465bed66e1718596ee0b0b35d5ee1f41c5df2189d0fe8bde535ba"

[[package]]
name = "proc-macro2"
version = "1.0.32"
source = "registry+https://github.com/rust-lang/crates.io-index"
checksum = "ba508cc11742c0dc5c1659771673afbab7a0efab23aa17e854cbab0837ed0b43"
dependencies = [
 "unicode-xid",
]

[[package]]
name = "quick-error"
version = "2.0.1"
source = "registry+https://github.com/rust-lang/crates.io-index"
checksum = "a993555f31e5a609f617c12db6250dedcac1b0a85076912c436e6fc9b2c8e6a3"

[[package]]
name = "quote"
version = "1.0.10"
source = "registry+https://github.com/rust-lang/crates.io-index"
checksum = "38bc8cc6a5f2e3655e0899c1b848643b2562f853f114bfec7be120678e3ace05"
dependencies = [
 "proc-macro2",
]

[[package]]
name = "rand"
version = "0.8.4"
source = "registry+https://github.com/rust-lang/crates.io-index"
checksum = "2e7573632e6454cf6b99d7aac4ccca54be06da05aca2ef7423d22d27d4d4bcd8"
dependencies = [
 "libc",
 "rand_chacha",
 "rand_core",
 "rand_hc",
]

[[package]]
name = "rand_chacha"
version = "0.3.1"
source = "registry+https://github.com/rust-lang/crates.io-index"
checksum = "e6c10a63a0fa32252be49d21e7709d4d4baf8d231c2dbce1eaa8141b9b127d88"
dependencies = [
 "ppv-lite86",
 "rand_core",
]

[[package]]
name = "rand_core"
version = "0.6.3"
source = "registry+https://github.com/rust-lang/crates.io-index"
checksum = "d34f1408f55294453790c48b2f1ebbb1c5b4b7563eb1f418bcfcfdbb06ebb4e7"
dependencies = [
 "getrandom",
]

[[package]]
name = "rand_hc"
version = "0.3.1"
source = "registry+https://github.com/rust-lang/crates.io-index"
checksum = "d51e9f596de227fda2ea6c84607f5558e196eeaf43c986b724ba4fb8fdf497e7"
dependencies = [
 "rand_core",
]

[[package]]
name = "recrypt"
version = "0.13.1"
source = "registry+https://github.com/rust-lang/crates.io-index"
checksum = "885c32c0a6c0e77a7425130dfbb304727a5146e070174bbf4142b85e0419c0e3"
dependencies = [
 "cfg-if",
 "clear_on_drop",
 "derivative",
 "ed25519-dalek-fiat",
 "gridiron",
 "hex",
 "lazy_static",
 "libc",
 "log",
 "num-traits",
 "quick-error",
 "rand",
 "rand_chacha",
 "sha2",
 "winapi",
]

[[package]]
name = "recrypt-node-binding"
version = "0.8.3-pre.28"
dependencies = [
 "neon",
 "recrypt",
]

[[package]]
name = "semver"
version = "0.9.0"
source = "registry+https://github.com/rust-lang/crates.io-index"
checksum = "1d7eb9ef2c18661902cc47e535f9bc51b78acd254da71d375c2f6720d9a40403"
dependencies = [
 "semver-parser",
]

[[package]]
name = "semver-parser"
version = "0.7.0"
source = "registry+https://github.com/rust-lang/crates.io-index"
checksum = "388a1df253eca08550bef6c72392cfe7c30914bf41df5269b68cbd6ff8f570a3"

[[package]]
name = "serde"
version = "1.0.130"
source = "registry+https://github.com/rust-lang/crates.io-index"
checksum = "f12d06de37cf59146fbdecab66aa99f9fe4f78722e3607577a5375d66bd0c913"

[[package]]
name = "sha2"
version = "0.9.8"
source = "registry+https://github.com/rust-lang/crates.io-index"
checksum = "b69f9a4c9740d74c5baa3fd2e547f9525fa8088a8a958e0ca2409a514e33f5fa"
dependencies = [
 "block-buffer",
 "cfg-if",
 "cpufeatures",
 "digest",
 "opaque-debug",
]

[[package]]
name = "signature"
version = "1.4.0"
source = "registry+https://github.com/rust-lang/crates.io-index"
checksum = "02658e48d89f2bec991f9a78e69cfa4c316f8d6a6c4ec12fae1aeb263d486788"

[[package]]
name = "smallvec"
version = "1.7.0"
source = "registry+https://github.com/rust-lang/crates.io-index"
checksum = "1ecab6c735a6bb4139c0caafd0cc3635748bbb3acf4550e8138122099251f309"

[[package]]
name = "subtle"
version = "2.4.1"
source = "registry+https://github.com/rust-lang/crates.io-index"
checksum = "6bdef32e8150c2a081110b42772ffe7d7c9032b606bc226c8260fd97e0976601"

[[package]]
name = "syn"
version = "1.0.82"
source = "registry+https://github.com/rust-lang/crates.io-index"
checksum = "8daf5dd0bb60cbd4137b1b587d2fc0ae729bc07cf01cd70b36a1ed5ade3b9d59"
dependencies = [
 "proc-macro2",
 "quote",
 "unicode-xid",
]

[[package]]
name = "syn-mid"
version = "0.5.3"
source = "registry+https://github.com/rust-lang/crates.io-index"
checksum = "baa8e7560a164edb1621a55d18a0c59abf49d360f47aa7b821061dd7eea7fac9"
dependencies = [
 "proc-macro2",
 "quote",
 "syn",
]

[[package]]
name = "synstructure"
version = "0.12.6"
source = "registry+https://github.com/rust-lang/crates.io-index"
checksum = "f36bdaa60a83aca3921b5259d5400cbf5e90fc51931376a9bd4a0eb79aa7210f"
dependencies = [
 "proc-macro2",
 "quote",
 "syn",
 "unicode-xid",
]

[[package]]
name = "typenum"
version = "1.14.0"
source = "registry+https://github.com/rust-lang/crates.io-index"
checksum = "b63708a265f51345575b27fe43f9500ad611579e764c79edbc2037b1121959ec"

[[package]]
name = "unicode-xid"
version = "0.2.2"
source = "registry+https://github.com/rust-lang/crates.io-index"
checksum = "8ccb82d61f80a663efe1f787a51b16b5a51e3314d6ac365b08639f52387b33f3"

[[package]]
name = "version_check"
version = "0.9.3"
source = "registry+https://github.com/rust-lang/crates.io-index"
checksum = "5fecdca9a5291cc2b8dcf7dc02453fee791a280f3743cb0905f8822ae463b3fe"

[[package]]
name = "wasi"
version = "0.10.2+wasi-snapshot-preview1"
source = "registry+https://github.com/rust-lang/crates.io-index"
checksum = "fd6fbd9a79829dd1ad0cc20627bf1ed606756a7f77edff7b66b7064f9cb327c6"

[[package]]
name = "winapi"
version = "0.3.9"
source = "registry+https://github.com/rust-lang/crates.io-index"
checksum = "5c839a674fcd7a98952e593242ea400abe93992746761e38641405d28b00f419"
dependencies = [
 "winapi-i686-pc-windows-gnu",
 "winapi-x86_64-pc-windows-gnu",
]

[[package]]
name = "winapi-i686-pc-windows-gnu"
version = "0.4.0"
source = "registry+https://github.com/rust-lang/crates.io-index"
checksum = "ac3b87c63620426dd9b991e5ce0329eff545bccbbb34f3be09ff6fb6ab51b7b6"

[[package]]
name = "winapi-x86_64-pc-windows-gnu"
version = "0.4.0"
source = "registry+https://github.com/rust-lang/crates.io-index"
checksum = "712e227841d057c1ee1cd2fb22fa7e5a5461ae8e48fa2ca79ec42cfc1931183f"

[[package]]
name = "zeroize"
version = "1.4.3"
source = "registry+https://github.com/rust-lang/crates.io-index"
checksum = "d68d9dcec5f9b43a30d38c49f91dfedfaac384cb8f085faca366c26207dd1619"
dependencies = [
 "zeroize_derive",
]

[[package]]
name = "zeroize_derive"
version = "1.2.2"
source = "registry+https://github.com/rust-lang/crates.io-index"
checksum = "65f1a51723ec88c66d5d1fe80c841f17f63587d6691901d66be9bec6c3b51f73"
dependencies = [
 "proc-macro2",
 "quote",
 "syn",
 "synstructure",
]
